
Microsoft Visual Studio Solution File, Format Version 12.00
# Visual Studio Version 17
VisualStudioVersion = 17.6.33829.357
MinimumVisualStudioVersion = 10.0.40219.1
Project("{FAE04EC0-301F-11D3-BF4B-00C04F79EFBC}") = "Blog", "Blog\Blog.csproj", "{FE4021A9-98BF-4081-959E-5C0F27D55023}"
EndProject
Global
	GlobalSection(SolutionConfigurationPlatforms) = preSolution
		Debug|Any CPU = Debug|Any CPU
		Release|Any CPU = Release|Any CPU
	EndGlobalSection
	GlobalSection(ProjectConfigurationPlatforms) = postSolution
		{FE4021A9-98BF-4081-959E-5C0F27D55023}.Debug|Any CPU.ActiveCfg = Debug|Any CPU
		{FE4021A9-98BF-4081-959E-5C0F27D55023}.Debug|Any CPU.Build.0 = Debug|Any CPU
		{FE4021A9-98BF-4081-959E-5C0F27D55023}.Release|Any CPU.ActiveCfg = Release|Any CPU
		{FE4021A9-98BF-4081-959E-5C0F27D55023}.Release|Any CPU.Build.0 = Release|Any CPU
	EndGlobalSection
	GlobalSection(SolutionProperties) = preSolution
		HideSolutionNode = FALSE
	EndGlobalSection
	GlobalSection(ExtensibilityGlobals) = postSolution
		SolutionGuid = {360B792B-20B6-4544-93A6-392C0350C69D}
	EndGlobalSection
EndGlobal
